
Microsoft Visual Studio Solution File, Format Version 12.00
# Visual Studio Version 17
VisualStudioVersion = 17.4.33213.308
MinimumVisualStudioVersion = 10.0.40219.1
Project("{FAE04EC0-301F-11D3-BF4B-00C04F79EFBC}") = "trang.net", "trang.net.csproj", "{143998C7-5831-474D-99D0-CB5F4D316070}"
EndProject
Global
	GlobalSection(SolutionConfigurationPlatforms) = preSolution
		Debug|Any CPU = Debug|Any CPU
		Release|Any CPU = Release|Any CPU
	EndGlobalSection
	GlobalSection(ProjectConfigurationPlatforms) = postSolution
		{143998C7-5831-474D-99D0-CB5F4D316070}.Debug|Any CPU.ActiveCfg = Debug|Any CPU
		{143998C7-5831-474D-99D0-CB5F4D316070}.Debug|Any CPU.Build.0 = Debug|Any CPU
		{143998C7-5831-474D-99D0-CB5F4D316070}.Release|Any CPU.ActiveCfg = Release|Any CPU
		{143998C7-5831-474D-99D0-CB5F4D316070}.Release|Any CPU.Build.0 = Release|Any CPU
	EndGlobalSection
	GlobalSection(SolutionProperties) = preSolution
		HideSolutionNode = FALSE
	EndGlobalSection
	GlobalSection(ExtensibilityGlobals) = postSolution
		SolutionGuid = {A7F4997E-337F-4C0A-A1E6-5C1380A0CF7B}
	EndGlobalSection
EndGlobal
